
Microsoft Visual Studio Solution File, Format Version 12.00
# Visual Studio 15
VisualStudioVersion = 15.0.28307.168
MinimumVisualStudioVersion = 10.0.40219.1
Project("{FAE04EC0-301F-11D3-BF4B-00C04F79EFBC}") = "NonPocoChangeTracking", "NonPocoChangeTracking\NonPocoChangeTracking.csproj", "{7C9F5718-8BFD-4D3D-805A-417D9C4BBF45}"
EndProject
Project("{FAE04EC0-301F-11D3-BF4B-00C04F79EFBC}") = "PocoChangeTracking", "PocoChangeTracking\PocoChangeTracking.csproj", "{21883649-5A96-4DFD-AED1-64BBFF4F884B}"
EndProject
Global
	GlobalSection(SolutionConfigurationPlatforms) = preSolution
		Debug|Any CPU = Debug|Any CPU
		Release|Any CPU = Release|Any CPU
	EndGlobalSection
	GlobalSection(ProjectConfigurationPlatforms) = postSolution
		{7C9F5718-8BFD-4D3D-805A-417D9C4BBF45}.Debug|Any CPU.ActiveCfg = Debug|Any CPU
		{7C9F5718-8BFD-4D3D-805A-417D9C4BBF45}.Debug|Any CPU.Build.0 = Debug|Any CPU
		{7C9F5718-8BFD-4D3D-805A-417D9C4BBF45}.Release|Any CPU.ActiveCfg = Release|Any CPU
		{7C9F5718-8BFD-4D3D-805A-417D9C4BBF45}.Release|Any CPU.Build.0 = Release|Any CPU
		{21883649-5A96-4DFD-AED1-64BBFF4F884B}.Debug|Any CPU.ActiveCfg = Debug|Any CPU
		{21883649-5A96-4DFD-AED1-64BBFF4F884B}.Debug|Any CPU.Build.0 = Debug|Any CPU
		{21883649-5A96-4DFD-AED1-64BBFF4F884B}.Release|Any CPU.ActiveCfg = Release|Any CPU
		{21883649-5A96-4DFD-AED1-64BBFF4F884B}.Release|Any CPU.Build.0 = Release|Any CPU
	EndGlobalSection
	GlobalSection(SolutionProperties) = preSolution
		HideSolutionNode = FALSE
	EndGlobalSection
	GlobalSection(ExtensibilityGlobals) = postSolution
		SolutionGuid = {5EB564F4-3BD2-4615-B9EF-B2DA3357B9A8}
	EndGlobalSection
EndGlobal
